
Microsoft Visual Studio Solution File, Format Version 12.00
# Visual Studio 15
Project("{FAE04EC0-301F-11D3-BF4B-00C04F79EFBC}") = "Assembly-CSharp", "Assembly-CSharp.csproj", "{4594D072-9AF3-2D40-7099-24798E08B632}"
EndProject
Project("{FAE04EC0-301F-11D3-BF4B-00C04F79EFBC}") = "Assembly-CSharp-Editor", "Assembly-CSharp-Editor.csproj", "{3CB7F351-E407-817B-8C8B-6487A86CB277}"
EndProject
Global
	GlobalSection(SolutionConfigurationPlatforms) = preSolution
		Debug|Any CPU = Debug|Any CPU
		Release|Any CPU = Release|Any CPU
	EndGlobalSection
	GlobalSection(ProjectConfigurationPlatforms) = postSolution
		{4594D072-9AF3-2D40-7099-24798E08B632}.Debug|Any CPU.ActiveCfg = Debug|Any CPU
		{4594D072-9AF3-2D40-7099-24798E08B632}.Debug|Any CPU.Build.0 = Debug|Any CPU
		{4594D072-9AF3-2D40-7099-24798E08B632}.Release|Any CPU.ActiveCfg = Release|Any CPU
		{4594D072-9AF3-2D40-7099-24798E08B632}.Release|Any CPU.Build.0 = Release|Any CPU
		{3CB7F351-E407-817B-8C8B-6487A86CB277}.Debug|Any CPU.ActiveCfg = Debug|Any CPU
		{3CB7F351-E407-817B-8C8B-6487A86CB277}.Debug|Any CPU.Build.0 = Debug|Any CPU
		{3CB7F351-E407-817B-8C8B-6487A86CB277}.Release|Any CPU.ActiveCfg = Release|Any CPU
		{3CB7F351-E407-817B-8C8B-6487A86CB277}.Release|Any CPU.Build.0 = Release|Any CPU
	EndGlobalSection
	GlobalSection(SolutionProperties) = preSolution
		HideSolutionNode = FALSE
	EndGlobalSection
EndGlobal
