
Microsoft Visual Studio Solution File, Format Version 12.00
# Visual Studio 15
Project("{FAE04EC0-301F-11D3-BF4B-00C04F79EFBC}") = "Assembly-CSharp", "Assembly-CSharp.csproj", "{D34742E3-449C-C44B-6284-63CD30F81BE0}"
EndProject
Project("{FAE04EC0-301F-11D3-BF4B-00C04F79EFBC}") = "Assembly-CSharp-Editor", "Assembly-CSharp-Editor.csproj", "{6729E4BE-3DDE-FBC8-2BA1-CBB35C5B6F1E}"
EndProject
Global
	GlobalSection(SolutionConfigurationPlatforms) = preSolution
		Debug|Any CPU = Debug|Any CPU
		Release|Any CPU = Release|Any CPU
	EndGlobalSection
	GlobalSection(ProjectConfigurationPlatforms) = postSolution
		{D34742E3-449C-C44B-6284-63CD30F81BE0}.Debug|Any CPU.ActiveCfg = Debug|Any CPU
		{D34742E3-449C-C44B-6284-63CD30F81BE0}.Debug|Any CPU.Build.0 = Debug|Any CPU
		{D34742E3-449C-C44B-6284-63CD30F81BE0}.Release|Any CPU.ActiveCfg = Release|Any CPU
		{D34742E3-449C-C44B-6284-63CD30F81BE0}.Release|Any CPU.Build.0 = Release|Any CPU
		{6729E4BE-3DDE-FBC8-2BA1-CBB35C5B6F1E}.Debug|Any CPU.ActiveCfg = Debug|Any CPU
		{6729E4BE-3DDE-FBC8-2BA1-CBB35C5B6F1E}.Debug|Any CPU.Build.0 = Debug|Any CPU
		{6729E4BE-3DDE-FBC8-2BA1-CBB35C5B6F1E}.Release|Any CPU.ActiveCfg = Release|Any CPU
		{6729E4BE-3DDE-FBC8-2BA1-CBB35C5B6F1E}.Release|Any CPU.Build.0 = Release|Any CPU
	EndGlobalSection
	GlobalSection(SolutionProperties) = preSolution
		HideSolutionNode = FALSE
	EndGlobalSection
EndGlobal
